<?xml version="1.0" encoding="utf-8"?>
<Project ToolsVersion="4.0" xmlns="http://schemas.microsoft.com/developer/msbuild/2003">
  <ItemGroup>
    <Filter Include="source">
      <UniqueIdentifier>{98d37d77-5bd3-4c1e-aa29-8189f14443e8}</UniqueIdentifier>
    </Filter>
    <Filter Include="source\common">
      <UniqueIdentifier>{9fd8cb4b-7aab-4dd7-bc16-060624ad587d}</UniqueIdentifier>
    </Filter>
  </ItemGroup>
  <ItemGroup>
    <ClCompile Include="..\..\..\source\mycssparse.c">
      <Filter>source</Filter>
    </ClCompile>
    <ClCompile Include="..\..\..\source\common\cssparse.c">
      <Filter>source\common</Filter>
    </ClCompile>
    <ClCompile Include="..\..\..\source\common\smallregex.c">
      <Filter>source\common</Filter>
    </ClCompile>
  </ItemGroup>
  <ItemGroup>
    <ClInclude Include="..\..\..\source\common\cssparse.h">
      <Filter>source\common</Filter>
    </ClInclude>
    <ClInclude Include="..\..\..\source\common\smallregex.h">
      <Filter>source\common</Filter>
    </ClInclude>
  </ItemGroup>
  <ItemGroup>
    <None Include="..\..\..\README.md" />
    <None Include="input1.css" />
  </ItemGroup>
</Project>